
Microsoft Visual Studio Solution File, Format Version 12.00
# Visual Studio Version 17
VisualStudioVersion = 17.14.37111.16 d17.14
MinimumVisualStudioVersion = 10.0.40219.1
Project("{FAE04EC0-301F-11D3-BF4B-00C04F79EFBC}") = "AppPraktychna1", "AppPraktychna1\AppPraktychna1.csproj", "{C20584B1-AB83-43E2-931D-27410DC41CF5}"
EndProject
Global
	GlobalSection(SolutionConfigurationPlatforms) = preSolution
		Debug|Any CPU = Debug|Any CPU
		Release|Any CPU = Release|Any CPU
	EndGlobalSection
	GlobalSection(ProjectConfigurationPlatforms) = postSolution
		{C20584B1-AB83-43E2-931D-27410DC41CF5}.Debug|Any CPU.ActiveCfg = Debug|Any CPU
		{C20584B1-AB83-43E2-931D-27410DC41CF5}.Debug|Any CPU.Build.0 = Debug|Any CPU
		{C20584B1-AB83-43E2-931D-27410DC41CF5}.Release|Any CPU.ActiveCfg = Release|Any CPU
		{C20584B1-AB83-43E2-931D-27410DC41CF5}.Release|Any CPU.Build.0 = Release|Any CPU
	EndGlobalSection
	GlobalSection(SolutionProperties) = preSolution
		HideSolutionNode = FALSE
	EndGlobalSection
	GlobalSection(ExtensibilityGlobals) = postSolution
		SolutionGuid = {73BCFFFD-889A-486A-A795-3FB0385C282F}
	EndGlobalSection
EndGlobal
